
Microsoft Visual Studio Solution File, Format Version 12.00
# Visual Studio Version 17
VisualStudioVersion = 17.12.35527.113 d17.12
MinimumVisualStudioVersion = 10.0.40219.1
Project("{FAE04EC0-301F-11D3-BF4B-00C04F79EFBC}") = "LAM_SDK", "LAM_SDK\LAM_SDK.csproj", "{66D650E0-672A-4602-98DB-15DB5C1E1778}"
EndProject
Project("{FAE04EC0-301F-11D3-BF4B-00C04F79EFBC}") = "LAM_WinForm_Example", "LAM_Examples\LAM_WinForm_Example.csproj", "{E3036C3A-4DCB-4BBF-9D11-7284575308D6}"
EndProject
Project("{FAE04EC0-301F-11D3-BF4B-00C04F79EFBC}") = "LAM_Console_Example", "LAM_Console_Example\LAM_Console_Example.csproj", "{C253B836-603B-4351-B0D9-89F4FB96EA9D}"
EndProject
Global
	GlobalSection(SolutionConfigurationPlatforms) = preSolution
		Debug|Any CPU = Debug|Any CPU
		Release|Any CPU = Release|Any CPU
	EndGlobalSection
	GlobalSection(ProjectConfigurationPlatforms) = postSolution
		{66D650E0-672A-4602-98DB-15DB5C1E1778}.Debug|Any CPU.ActiveCfg = Debug|Any CPU
		{66D650E0-672A-4602-98DB-15DB5C1E1778}.Debug|Any CPU.Build.0 = Debug|Any CPU
		{66D650E0-672A-4602-98DB-15DB5C1E1778}.Release|Any CPU.ActiveCfg = Release|Any CPU
		{66D650E0-672A-4602-98DB-15DB5C1E1778}.Release|Any CPU.Build.0 = Release|Any CPU
		{E3036C3A-4DCB-4BBF-9D11-7284575308D6}.Debug|Any CPU.ActiveCfg = Debug|Any CPU
		{E3036C3A-4DCB-4BBF-9D11-7284575308D6}.Debug|Any CPU.Build.0 = Debug|Any CPU
		{E3036C3A-4DCB-4BBF-9D11-7284575308D6}.Release|Any CPU.ActiveCfg = Release|Any CPU
		{E3036C3A-4DCB-4BBF-9D11-7284575308D6}.Release|Any CPU.Build.0 = Release|Any CPU
		{C253B836-603B-4351-B0D9-89F4FB96EA9D}.Debug|Any CPU.ActiveCfg = Debug|Any CPU
		{C253B836-603B-4351-B0D9-89F4FB96EA9D}.Debug|Any CPU.Build.0 = Debug|Any CPU
		{C253B836-603B-4351-B0D9-89F4FB96EA9D}.Release|Any CPU.ActiveCfg = Release|Any CPU
		{C253B836-603B-4351-B0D9-89F4FB96EA9D}.Release|Any CPU.Build.0 = Release|Any CPU
	EndGlobalSection
	GlobalSection(SolutionProperties) = preSolution
		HideSolutionNode = FALSE
	EndGlobalSection
EndGlobal
